
Microsoft Visual Studio Solution File, Format Version 12.00
# Visual Studio Version 17
VisualStudioVersion = 17.0.32014.148
MinimumVisualStudioVersion = 10.0.40219.1
Project("{2150E333-8FDC-42A3-9474-1A3956D46DE8}") = "00. Hello World", "00. Hello World", "{16324439-4B19-4A64-BB63-DEE4BE926C8D}"
EndProject
Project("{9A19103F-16F7-4668-BE54-9A1E7A4F7556}") = "HelloWorld.Send", "HelloWorld.Send\HelloWorld.Send.csproj", "{517ADC56-39C2-4AA0-BB84-34824E8AD8CD}"
EndProject
Project("{9A19103F-16F7-4668-BE54-9A1E7A4F7556}") = "HelloWorld.Receive", "HelloWorld.Receive\HelloWorld.Receive.csproj", "{B4187CEC-C4FC-49E6-BC4F-D79FA6CEB4AC}"
EndProject
Project("{2150E333-8FDC-42A3-9474-1A3956D46DE8}") = "01. Work Queues", "01. Work Queues", "{D6063BFF-B615-443B-B9F0-5E78120B6AB9}"
EndProject
Project("{9A19103F-16F7-4668-BE54-9A1E7A4F7556}") = "WorkQueues.NewTask", "WorkQueues.NewTask\WorkQueues.NewTask.csproj", "{BBC8A731-EBE1-4EE6-BB55-CBB73B2A60FB}"
EndProject
Project("{9A19103F-16F7-4668-BE54-9A1E7A4F7556}") = "WorkQueues.Worker", "WorkQueues.Worker\WorkQueues.Worker.csproj", "{A1B8072D-1413-49CF-A50F-8B838DE2EC3F}"
EndProject
Project("{2150E333-8FDC-42A3-9474-1A3956D46DE8}") = "02. Publish Subscribe", "02. Publish Subscribe", "{0AF380EA-E268-4349-8882-01974554A2BA}"
EndProject
Project("{9A19103F-16F7-4668-BE54-9A1E7A4F7556}") = "PublishSubscribe.EmitLog", "PublishSubscribe.EmitLog\PublishSubscribe.EmitLog.csproj", "{EEF1FC6C-6EAD-41FB-8FAA-86A81C10B5C0}"
EndProject
Project("{9A19103F-16F7-4668-BE54-9A1E7A4F7556}") = "PublishSubscribe.ReceiveLogs", "PublishSubscribe.ReceiveLogs\PublishSubscribe.ReceiveLogs.csproj", "{85B4F15F-2D06-40AC-AA50-4CEDFF6E9295}"
EndProject
Project("{2150E333-8FDC-42A3-9474-1A3956D46DE8}") = "03. Routing", "03. Routing", "{07E6B208-E0D3-4F89-8919-7CD8ABFBA598}"
EndProject
Project("{FAE04EC0-301F-11D3-BF4B-00C04F79EFBC}") = "Routing.EmitLogDirect", "Routing.EmitLogDirect\Routing.EmitLogDirect.csproj", "{133D5765-6689-4EEA-A6B8-EBF963638FB3}"
EndProject
Global
	GlobalSection(SolutionConfigurationPlatforms) = preSolution
		Debug|Any CPU = Debug|Any CPU
		Release|Any CPU = Release|Any CPU
	EndGlobalSection
	GlobalSection(ProjectConfigurationPlatforms) = postSolution
		{517ADC56-39C2-4AA0-BB84-34824E8AD8CD}.Debug|Any CPU.ActiveCfg = Debug|Any CPU
		{517ADC56-39C2-4AA0-BB84-34824E8AD8CD}.Debug|Any CPU.Build.0 = Debug|Any CPU
		{517ADC56-39C2-4AA0-BB84-34824E8AD8CD}.Release|Any CPU.ActiveCfg = Release|Any CPU
		{517ADC56-39C2-4AA0-BB84-34824E8AD8CD}.Release|Any CPU.Build.0 = Release|Any CPU
		{B4187CEC-C4FC-49E6-BC4F-D79FA6CEB4AC}.Debug|Any CPU.ActiveCfg = Debug|Any CPU
		{B4187CEC-C4FC-49E6-BC4F-D79FA6CEB4AC}.Debug|Any CPU.Build.0 = Debug|Any CPU
		{B4187CEC-C4FC-49E6-BC4F-D79FA6CEB4AC}.Release|Any CPU.ActiveCfg = Release|Any CPU
		{B4187CEC-C4FC-49E6-BC4F-D79FA6CEB4AC}.Release|Any CPU.Build.0 = Release|Any CPU
		{BBC8A731-EBE1-4EE6-BB55-CBB73B2A60FB}.Debug|Any CPU.ActiveCfg = Debug|Any CPU
		{BBC8A731-EBE1-4EE6-BB55-CBB73B2A60FB}.Debug|Any CPU.Build.0 = Debug|Any CPU
		{BBC8A731-EBE1-4EE6-BB55-CBB73B2A60FB}.Release|Any CPU.ActiveCfg = Release|Any CPU
		{BBC8A731-EBE1-4EE6-BB55-CBB73B2A60FB}.Release|Any CPU.Build.0 = Release|Any CPU
		{A1B8072D-1413-49CF-A50F-8B838DE2EC3F}.Debug|Any CPU.ActiveCfg = Debug|Any CPU
		{A1B8072D-1413-49CF-A50F-8B838DE2EC3F}.Debug|Any CPU.Build.0 = Debug|Any CPU
		{A1B8072D-1413-49CF-A50F-8B838DE2EC3F}.Release|Any CPU.ActiveCfg = Release|Any CPU
		{A1B8072D-1413-49CF-A50F-8B838DE2EC3F}.Release|Any CPU.Build.0 = Release|Any CPU
		{EEF1FC6C-6EAD-41FB-8FAA-86A81C10B5C0}.Debug|Any CPU.ActiveCfg = Debug|Any CPU
		{EEF1FC6C-6EAD-41FB-8FAA-86A81C10B5C0}.Debug|Any CPU.Build.0 = Debug|Any CPU
		{EEF1FC6C-6EAD-41FB-8FAA-86A81C10B5C0}.Release|Any CPU.ActiveCfg = Release|Any CPU
		{EEF1FC6C-6EAD-41FB-8FAA-86A81C10B5C0}.Release|Any CPU.Build.0 = Release|Any CPU
		{85B4F15F-2D06-40AC-AA50-4CEDFF6E9295}.Debug|Any CPU.ActiveCfg = Debug|Any CPU
		{85B4F15F-2D06-40AC-AA50-4CEDFF6E9295}.Debug|Any CPU.Build.0 = Debug|Any CPU
		{85B4F15F-2D06-40AC-AA50-4CEDFF6E9295}.Release|Any CPU.ActiveCfg = Release|Any CPU
		{85B4F15F-2D06-40AC-AA50-4CEDFF6E9295}.Release|Any CPU.Build.0 = Release|Any CPU
		{133D5765-6689-4EEA-A6B8-EBF963638FB3}.Debug|Any CPU.ActiveCfg = Debug|Any CPU
		{133D5765-6689-4EEA-A6B8-EBF963638FB3}.Debug|Any CPU.Build.0 = Debug|Any CPU
		{133D5765-6689-4EEA-A6B8-EBF963638FB3}.Release|Any CPU.ActiveCfg = Release|Any CPU
		{133D5765-6689-4EEA-A6B8-EBF963638FB3}.Release|Any CPU.Build.0 = Release|Any CPU
	EndGlobalSection
	GlobalSection(SolutionProperties) = preSolution
		HideSolutionNode = FALSE
	EndGlobalSection
	GlobalSection(NestedProjects) = preSolution
		{517ADC56-39C2-4AA0-BB84-34824E8AD8CD} = {16324439-4B19-4A64-BB63-DEE4BE926C8D}
		{B4187CEC-C4FC-49E6-BC4F-D79FA6CEB4AC} = {16324439-4B19-4A64-BB63-DEE4BE926C8D}
		{BBC8A731-EBE1-4EE6-BB55-CBB73B2A60FB} = {D6063BFF-B615-443B-B9F0-5E78120B6AB9}
		{A1B8072D-1413-49CF-A50F-8B838DE2EC3F} = {D6063BFF-B615-443B-B9F0-5E78120B6AB9}
		{EEF1FC6C-6EAD-41FB-8FAA-86A81C10B5C0} = {0AF380EA-E268-4349-8882-01974554A2BA}
		{85B4F15F-2D06-40AC-AA50-4CEDFF6E9295} = {0AF380EA-E268-4349-8882-01974554A2BA}
		{133D5765-6689-4EEA-A6B8-EBF963638FB3} = {07E6B208-E0D3-4F89-8919-7CD8ABFBA598}
	EndGlobalSection
	GlobalSection(ExtensibilityGlobals) = postSolution
		SolutionGuid = {1493DE3B-6EE6-4401-BC30-1E2AF8F48F87}
	EndGlobalSection
EndGlobal
